
Microsoft Visual Studio Solution File, Format Version 12.00
# Visual Studio Version 18
VisualStudioVersion = 18.0.11018.127
MinimumVisualStudioVersion = 10.0.40219.1
Project("{2150E333-8FDC-42A3-9474-1A3956D46DE8}") = "Solution Items", "Solution Items", "{DCF56A69-9A23-418A-B8A6-6D6EFEE9F2DA}"
	ProjectSection(SolutionItems) = preProject
		.editorconfig = .editorconfig
		northwind.sql = northwind.sql
	EndProjectSection
EndProject
Project("{2150E333-8FDC-42A3-9474-1A3956D46DE8}") = "Agents", "Agents", "{02EA681E-C7D8-13C7-8484-4AC65E1B71E8}"
EndProject
Project("{FAE04EC0-301F-11D3-BF4B-00C04F79EFBC}") = "FirstAgent", "FirstAgent\FirstAgent.csproj", "{B80E31DA-6D29-4FA6-A896-D03977AC49FC}"
EndProject
Project("{FAE04EC0-301F-11D3-BF4B-00C04F79EFBC}") = "SecondAgent", "SecondAgent\SecondAgent.csproj", "{F4AD4170-6A8C-4373-B8BB-9210B2542EDE}"
EndProject
Project("{FAE04EC0-301F-11D3-BF4B-00C04F79EFBC}") = "SemanticKernel", "SemanticKernel\SemanticKernel.csproj", "{E8A3FE82-9B89-428E-BC59-1FB5EF4485F0}"
EndProject
Project("{FAE04EC0-301F-11D3-BF4B-00C04F79EFBC}") = "MCPServer", "MCPServer\MCPServer.csproj", "{55233367-FC55-40F9-939E-A05ED545B0F8}"
EndProject
Project("{FAE04EC0-301F-11D3-BF4B-00C04F79EFBC}") = "GitHubMCP", "GitHubMCP\GitHubMCP.csproj", "{554B4B65-5F5C-400A-9281-ECE275906424}"
EndProject
Project("{FAE04EC0-301F-11D3-BF4B-00C04F79EFBC}") = "MyMLApp", "MyMLApp\MyMLApp.csproj", "{6C6D7FE4-747F-4BC1-ADF1-6F052722BF40}"
EndProject
Project("{2150E333-8FDC-42A3-9474-1A3956D46DE8}") = "ML.NET", "ML.NET", "{408A7193-1A4E-4CA1-8DD8-3FACB9D46E3F}"
EndProject
Project("{FAE04EC0-301F-11D3-BF4B-00C04F79EFBC}") = "PricePredict", "PricePredict\PricePredict.csproj", "{51270EE7-57E3-43E2-B1BC-5577BA896720}"
EndProject
Project("{FAE04EC0-301F-11D3-BF4B-00C04F79EFBC}") = "TaxiFareManual", "TaxiFareManual\TaxiFareManual.csproj", "{1A5191F3-59B6-43AB-B66F-A39B9CC236F8}"
EndProject
Project("{FAE04EC0-301F-11D3-BF4B-00C04F79EFBC}") = "AnomalyDetection", "AnomalyDetection\AnomalyDetection.csproj", "{922DA210-D386-4D7B-A054-339791B54E32}"
EndProject
Project("{FAE04EC0-301F-11D3-BF4B-00C04F79EFBC}") = "MyFirstRag", "MyFirstRag\MyFirstRag.csproj", "{17C93E8F-F997-45B0-B9C5-0B4FB3B5AF3F}"
EndProject
Project("{FAE04EC0-301F-11D3-BF4B-00C04F79EFBC}") = "AIVectorSearch", "AIVectorSearch\AIVectorSearch.csproj", "{AAE469A0-F87B-4F21-BD45-CAED65E4579B}"
EndProject
Project("{FAE04EC0-301F-11D3-BF4B-00C04F79EFBC}") = "OpenSearchDemo", "OpenSearchDemo\OpenSearchDemo.csproj", "{7DC8477B-AAE3-4D94-BA93-1C25CF1A70FE}"
EndProject
Project("{FAE04EC0-301F-11D3-BF4B-00C04F79EFBC}") = "AIVectorSearchWithLocalDb", "AIVectorSearchWithLocalDb\AIVectorSearchWithLocalDb.csproj", "{880A49E3-ABC9-4393-B301-78C3FBC35C91}"
EndProject
Project("{FAE04EC0-301F-11D3-BF4B-00C04F79EFBC}") = "AIVectorSearchWithDuckDB", "AIVectorSearchWithDuckDB\AIVectorSearchWithDuckDB.csproj", "{D03F9E13-CE06-4E3C-B702-B2610BE1732A}"
EndProject
Project("{FAE04EC0-301F-11D3-BF4B-00C04F79EFBC}") = "MsAiAgent", "MsAiAgent\MsAiAgent.csproj", "{28033358-E461-4686-8349-7E57E0870282}"
EndProject
Project("{2150E333-8FDC-42A3-9474-1A3956D46DE8}") = "RAG", "RAG", "{A92CBAB0-177A-4077-B73C-F258C20F17D3}"
EndProject
Project("{2150E333-8FDC-42A3-9474-1A3956D46DE8}") = "MCP", "MCP", "{5122B73C-FC37-48E0-9761-56F49CCFAB8E}"
EndProject
Project("{FAE04EC0-301F-11D3-BF4B-00C04F79EFBC}") = "PCAgent", "PCAgent\PCAgent.csproj", "{EB5E7CDF-9E35-4C36-A1F9-ADC675C818F4}"
EndProject
Project("{2150E333-8FDC-42A3-9474-1A3956D46DE8}") = "Workflows", "Workflows", "{12519954-82B3-447E-B382-33FA64E3D19D}"
EndProject
Project("{FAE04EC0-301F-11D3-BF4B-00C04F79EFBC}") = "SimpleWorkflow", "SimpleWorkflow\SimpleWorkflow.csproj", "{83EECBD0-445C-4DB2-B7FD-D61870869AE5}"
EndProject
Global
	GlobalSection(SolutionConfigurationPlatforms) = preSolution
		Debug|Any CPU = Debug|Any CPU
		Release|Any CPU = Release|Any CPU
	EndGlobalSection
	GlobalSection(ProjectConfigurationPlatforms) = postSolution
		{B80E31DA-6D29-4FA6-A896-D03977AC49FC}.Debug|Any CPU.ActiveCfg = Debug|Any CPU
		{B80E31DA-6D29-4FA6-A896-D03977AC49FC}.Debug|Any CPU.Build.0 = Debug|Any CPU
		{B80E31DA-6D29-4FA6-A896-D03977AC49FC}.Release|Any CPU.ActiveCfg = Release|Any CPU
		{B80E31DA-6D29-4FA6-A896-D03977AC49FC}.Release|Any CPU.Build.0 = Release|Any CPU
		{F4AD4170-6A8C-4373-B8BB-9210B2542EDE}.Debug|Any CPU.ActiveCfg = Debug|Any CPU
		{F4AD4170-6A8C-4373-B8BB-9210B2542EDE}.Debug|Any CPU.Build.0 = Debug|Any CPU
		{F4AD4170-6A8C-4373-B8BB-9210B2542EDE}.Release|Any CPU.ActiveCfg = Release|Any CPU
		{F4AD4170-6A8C-4373-B8BB-9210B2542EDE}.Release|Any CPU.Build.0 = Release|Any CPU
		{E8A3FE82-9B89-428E-BC59-1FB5EF4485F0}.Debug|Any CPU.ActiveCfg = Debug|Any CPU
		{E8A3FE82-9B89-428E-BC59-1FB5EF4485F0}.Debug|Any CPU.Build.0 = Debug|Any CPU
		{E8A3FE82-9B89-428E-BC59-1FB5EF4485F0}.Release|Any CPU.ActiveCfg = Release|Any CPU
		{E8A3FE82-9B89-428E-BC59-1FB5EF4485F0}.Release|Any CPU.Build.0 = Release|Any CPU
		{55233367-FC55-40F9-939E-A05ED545B0F8}.Debug|Any CPU.ActiveCfg = Debug|Any CPU
		{55233367-FC55-40F9-939E-A05ED545B0F8}.Debug|Any CPU.Build.0 = Debug|Any CPU
		{55233367-FC55-40F9-939E-A05ED545B0F8}.Release|Any CPU.ActiveCfg = Release|Any CPU
		{55233367-FC55-40F9-939E-A05ED545B0F8}.Release|Any CPU.Build.0 = Release|Any CPU
		{554B4B65-5F5C-400A-9281-ECE275906424}.Debug|Any CPU.ActiveCfg = Debug|Any CPU
		{554B4B65-5F5C-400A-9281-ECE275906424}.Debug|Any CPU.Build.0 = Debug|Any CPU
		{554B4B65-5F5C-400A-9281-ECE275906424}.Release|Any CPU.ActiveCfg = Release|Any CPU
		{554B4B65-5F5C-400A-9281-ECE275906424}.Release|Any CPU.Build.0 = Release|Any CPU
		{6C6D7FE4-747F-4BC1-ADF1-6F052722BF40}.Debug|Any CPU.ActiveCfg = Debug|Any CPU
		{6C6D7FE4-747F-4BC1-ADF1-6F052722BF40}.Debug|Any CPU.Build.0 = Debug|Any CPU
		{6C6D7FE4-747F-4BC1-ADF1-6F052722BF40}.Release|Any CPU.ActiveCfg = Release|Any CPU
		{6C6D7FE4-747F-4BC1-ADF1-6F052722BF40}.Release|Any CPU.Build.0 = Release|Any CPU
		{51270EE7-57E3-43E2-B1BC-5577BA896720}.Debug|Any CPU.ActiveCfg = Debug|Any CPU
		{51270EE7-57E3-43E2-B1BC-5577BA896720}.Debug|Any CPU.Build.0 = Debug|Any CPU
		{51270EE7-57E3-43E2-B1BC-5577BA896720}.Release|Any CPU.ActiveCfg = Release|Any CPU
		{51270EE7-57E3-43E2-B1BC-5577BA896720}.Release|Any CPU.Build.0 = Release|Any CPU
		{1A5191F3-59B6-43AB-B66F-A39B9CC236F8}.Debug|Any CPU.ActiveCfg = Debug|Any CPU
		{1A5191F3-59B6-43AB-B66F-A39B9CC236F8}.Debug|Any CPU.Build.0 = Debug|Any CPU
		{1A5191F3-59B6-43AB-B66F-A39B9CC236F8}.Release|Any CPU.ActiveCfg = Release|Any CPU
		{1A5191F3-59B6-43AB-B66F-A39B9CC236F8}.Release|Any CPU.Build.0 = Release|Any CPU
		{922DA210-D386-4D7B-A054-339791B54E32}.Debug|Any CPU.ActiveCfg = Debug|Any CPU
		{922DA210-D386-4D7B-A054-339791B54E32}.Debug|Any CPU.Build.0 = Debug|Any CPU
		{922DA210-D386-4D7B-A054-339791B54E32}.Release|Any CPU.ActiveCfg = Release|Any CPU
		{922DA210-D386-4D7B-A054-339791B54E32}.Release|Any CPU.Build.0 = Release|Any CPU
		{17C93E8F-F997-45B0-B9C5-0B4FB3B5AF3F}.Debug|Any CPU.ActiveCfg = Debug|Any CPU
		{17C93E8F-F997-45B0-B9C5-0B4FB3B5AF3F}.Debug|Any CPU.Build.0 = Debug|Any CPU
		{17C93E8F-F997-45B0-B9C5-0B4FB3B5AF3F}.Release|Any CPU.ActiveCfg = Release|Any CPU
		{17C93E8F-F997-45B0-B9C5-0B4FB3B5AF3F}.Release|Any CPU.Build.0 = Release|Any CPU
		{AAE469A0-F87B-4F21-BD45-CAED65E4579B}.Debug|Any CPU.ActiveCfg = Debug|Any CPU
		{AAE469A0-F87B-4F21-BD45-CAED65E4579B}.Debug|Any CPU.Build.0 = Debug|Any CPU
		{AAE469A0-F87B-4F21-BD45-CAED65E4579B}.Release|Any CPU.ActiveCfg = Release|Any CPU
		{AAE469A0-F87B-4F21-BD45-CAED65E4579B}.Release|Any CPU.Build.0 = Release|Any CPU
		{7DC8477B-AAE3-4D94-BA93-1C25CF1A70FE}.Debug|Any CPU.ActiveCfg = Debug|Any CPU
		{7DC8477B-AAE3-4D94-BA93-1C25CF1A70FE}.Debug|Any CPU.Build.0 = Debug|Any CPU
		{7DC8477B-AAE3-4D94-BA93-1C25CF1A70FE}.Release|Any CPU.ActiveCfg = Release|Any CPU
		{7DC8477B-AAE3-4D94-BA93-1C25CF1A70FE}.Release|Any CPU.Build.0 = Release|Any CPU
		{880A49E3-ABC9-4393-B301-78C3FBC35C91}.Debug|Any CPU.ActiveCfg = Debug|Any CPU
		{880A49E3-ABC9-4393-B301-78C3FBC35C91}.Debug|Any CPU.Build.0 = Debug|Any CPU
		{880A49E3-ABC9-4393-B301-78C3FBC35C91}.Release|Any CPU.ActiveCfg = Release|Any CPU
		{880A49E3-ABC9-4393-B301-78C3FBC35C91}.Release|Any CPU.Build.0 = Release|Any CPU
		{D03F9E13-CE06-4E3C-B702-B2610BE1732A}.Debug|Any CPU.ActiveCfg = Debug|Any CPU
		{D03F9E13-CE06-4E3C-B702-B2610BE1732A}.Debug|Any CPU.Build.0 = Debug|Any CPU
		{D03F9E13-CE06-4E3C-B702-B2610BE1732A}.Release|Any CPU.ActiveCfg = Release|Any CPU
		{D03F9E13-CE06-4E3C-B702-B2610BE1732A}.Release|Any CPU.Build.0 = Release|Any CPU
		{28033358-E461-4686-8349-7E57E0870282}.Debug|Any CPU.ActiveCfg = Debug|Any CPU
		{28033358-E461-4686-8349-7E57E0870282}.Debug|Any CPU.Build.0 = Debug|Any CPU
		{28033358-E461-4686-8349-7E57E0870282}.Release|Any CPU.ActiveCfg = Release|Any CPU
		{28033358-E461-4686-8349-7E57E0870282}.Release|Any CPU.Build.0 = Release|Any CPU
		{EB5E7CDF-9E35-4C36-A1F9-ADC675C818F4}.Debug|Any CPU.ActiveCfg = Debug|Any CPU
		{EB5E7CDF-9E35-4C36-A1F9-ADC675C818F4}.Debug|Any CPU.Build.0 = Debug|Any CPU
		{EB5E7CDF-9E35-4C36-A1F9-ADC675C818F4}.Release|Any CPU.ActiveCfg = Release|Any CPU
		{EB5E7CDF-9E35-4C36-A1F9-ADC675C818F4}.Release|Any CPU.Build.0 = Release|Any CPU
		{83EECBD0-445C-4DB2-B7FD-D61870869AE5}.Debug|Any CPU.ActiveCfg = Debug|Any CPU
		{83EECBD0-445C-4DB2-B7FD-D61870869AE5}.Debug|Any CPU.Build.0 = Debug|Any CPU
		{83EECBD0-445C-4DB2-B7FD-D61870869AE5}.Release|Any CPU.ActiveCfg = Release|Any CPU
		{83EECBD0-445C-4DB2-B7FD-D61870869AE5}.Release|Any CPU.Build.0 = Release|Any CPU
	EndGlobalSection
	GlobalSection(SolutionProperties) = preSolution
		HideSolutionNode = FALSE
	EndGlobalSection
	GlobalSection(NestedProjects) = preSolution
		{B80E31DA-6D29-4FA6-A896-D03977AC49FC} = {02EA681E-C7D8-13C7-8484-4AC65E1B71E8}
		{F4AD4170-6A8C-4373-B8BB-9210B2542EDE} = {02EA681E-C7D8-13C7-8484-4AC65E1B71E8}
		{E8A3FE82-9B89-428E-BC59-1FB5EF4485F0} = {02EA681E-C7D8-13C7-8484-4AC65E1B71E8}
		{55233367-FC55-40F9-939E-A05ED545B0F8} = {5122B73C-FC37-48E0-9761-56F49CCFAB8E}
		{554B4B65-5F5C-400A-9281-ECE275906424} = {5122B73C-FC37-48E0-9761-56F49CCFAB8E}
		{6C6D7FE4-747F-4BC1-ADF1-6F052722BF40} = {408A7193-1A4E-4CA1-8DD8-3FACB9D46E3F}
		{51270EE7-57E3-43E2-B1BC-5577BA896720} = {408A7193-1A4E-4CA1-8DD8-3FACB9D46E3F}
		{1A5191F3-59B6-43AB-B66F-A39B9CC236F8} = {408A7193-1A4E-4CA1-8DD8-3FACB9D46E3F}
		{922DA210-D386-4D7B-A054-339791B54E32} = {408A7193-1A4E-4CA1-8DD8-3FACB9D46E3F}
		{17C93E8F-F997-45B0-B9C5-0B4FB3B5AF3F} = {A92CBAB0-177A-4077-B73C-F258C20F17D3}
		{AAE469A0-F87B-4F21-BD45-CAED65E4579B} = {A92CBAB0-177A-4077-B73C-F258C20F17D3}
		{880A49E3-ABC9-4393-B301-78C3FBC35C91} = {A92CBAB0-177A-4077-B73C-F258C20F17D3}
		{D03F9E13-CE06-4E3C-B702-B2610BE1732A} = {A92CBAB0-177A-4077-B73C-F258C20F17D3}
		{28033358-E461-4686-8349-7E57E0870282} = {02EA681E-C7D8-13C7-8484-4AC65E1B71E8}
		{EB5E7CDF-9E35-4C36-A1F9-ADC675C818F4} = {02EA681E-C7D8-13C7-8484-4AC65E1B71E8}
		{83EECBD0-445C-4DB2-B7FD-D61870869AE5} = {12519954-82B3-447E-B382-33FA64E3D19D}
	EndGlobalSection
	GlobalSection(ExtensibilityGlobals) = postSolution
		SolutionGuid = {B495776A-36F6-44BB-97A3-29D3A6670E4C}
	EndGlobalSection
EndGlobal
